// !$*UTF8*$!
{
	archiveVersion = 1;
	classes = {
	};
	objectVersion = 46;
	objects = {

/* Begin PBXAggregateTarget section */
		88ABC6A0257D4F19934715B2 /* ZERO_CHECK */ = {
			isa = PBXAggregateTarget;
			buildConfigurationList = 7F6A303702D0410A8AA77A0A /* Build configuration list for PBXAggregateTarget "ZERO_CHECK" */;
			buildPhases = (
				41FD2503F3E9463997C7F97A /* CMake Rules */,
			);
			dependencies = (
			);
			name = ZERO_CHECK;
			productName = ZERO_CHECK;
		};
		EAFBBD8A527C4A9C8CA73D6F /* ALL_BUILD */ = {
			isa = PBXAggregateTarget;
			buildConfigurationList = 216E0E199127476696CDE109 /* Build configuration list for PBXAggregateTarget "ALL_BUILD" */;
			buildPhases = (
				58C620BA764D422F9B1BDADE /* CMake Rules */,
			);
			dependencies = (
				CD5313B71556475C9DC1557B /* PBXTargetDependency */,
				368B66EB897E4751964B8C94 /* PBXTargetDependency */,
			);
			name = ALL_BUILD;
			productName = ALL_BUILD;
		};
/* End PBXAggregateTarget section */

/* Begin PBXBuildFile section */
		13AD9F17F9084BF6995E50BA /* map.c in Sources */ = {isa = PBXBuildFile; fileRef = 12010CDF2F3242D882CB1519 /* map.c */; };
		3334F4AF9DC84E9689FD0DD1 /* vector.c in Sources */ = {isa = PBXBuildFile; fileRef = 883CE87B5AC641EAA33058F6 /* vector.c */; };
		491C17C7D80E48B0A78CE5F9 /* main.c in Sources */ = {isa = PBXBuildFile; fileRef = DDAF6FD50A6645A48738D381 /* main.c */; };
		631EC6C83BF84DC18FE3D331 /* string.c in Sources */ = {isa = PBXBuildFile; fileRef = 15CB63E1536644479B46A64D /* string.c */; };
		CF3428E4F10E4680817596B9 /* debug.c in Sources */ = {isa = PBXBuildFile; fileRef = 607AF48091514F848AF6A03F /* debug.c */; };
/* End PBXBuildFile section */

/* Begin PBXContainerItemProxy section */
		4F3464BEE3C440ED806FA681 /* PBXContainerItemProxy */ = {
			isa = PBXContainerItemProxy;
			containerPortal = EE59465E7DC340E5852BCFF8 /* Project object */;
			proxyType = 1;
			remoteGlobalIDString = 88ABC6A0257D4F19934715B2;
			remoteInfo = ZERO_CHECK;
		};
		B84CACDCDF3D43BF81CCEB6C /* PBXContainerItemProxy */ = {
			isa = PBXContainerItemProxy;
			containerPortal = EE59465E7DC340E5852BCFF8 /* Project object */;
			proxyType = 1;
			remoteGlobalIDString = 004260DE147B4EF49606EAB1;
			remoteInfo = Clib;
		};
		F33116A91075486FAFB7B3F0 /* PBXContainerItemProxy */ = {
			isa = PBXContainerItemProxy;
			containerPortal = EE59465E7DC340E5852BCFF8 /* Project object */;
			proxyType = 1;
			remoteGlobalIDString = 88ABC6A0257D4F19934715B2;
			remoteInfo = ZERO_CHECK;
		};
/* End PBXContainerItemProxy section */

/* Begin PBXFileReference section */
		12010CDF2F3242D882CB1519 /* map.c */ = {isa = PBXFileReference; explicitFileType = sourcecode.c.c; fileEncoding = 4; name = map.c; path = ../../clib/src/common/map.c; sourceTree = SOURCE_ROOT; };
		15CB63E1536644479B46A64D /* string.c */ = {isa = PBXFileReference; explicitFileType = sourcecode.c.c; fileEncoding = 4; name = string.c; path = ../../clib/src/common/string.c; sourceTree = SOURCE_ROOT; };
		383DC5D0C03F4B5E85275E17 /* debug.h */ = {isa = PBXFileReference; explicitFileType = sourcecode.c.h; fileEncoding = 4; name = debug.h; path = ../../clib/src/common/debug.h; sourceTree = SOURCE_ROOT; };
		5ACB4085F6E54A0BA0575B01 /* map.h */ = {isa = PBXFileReference; explicitFileType = sourcecode.c.h; fileEncoding = 4; name = map.h; path = ../../clib/src/common/map.h; sourceTree = SOURCE_ROOT; };
		607AF48091514F848AF6A03F /* debug.c */ = {isa = PBXFileReference; explicitFileType = sourcecode.c.c; fileEncoding = 4; name = debug.c; path = ../../clib/src/common/debug.c; sourceTree = SOURCE_ROOT; };
		65AEB5A298F145B1B75F82D4 /* CMakeLists.txt */ = {isa = PBXFileReference; explicitFileType = sourcecode.text; fileEncoding = 4; lastKnownFileType = text; path = CMakeLists.txt; sourceTree = SOURCE_ROOT; };
		797BB9CD07574E1C85EA23CA /* vector.h */ = {isa = PBXFileReference; explicitFileType = sourcecode.c.h; fileEncoding = 4; name = vector.h; path = ../../clib/src/common/vector.h; sourceTree = SOURCE_ROOT; };
		883CE87B5AC641EAA33058F6 /* vector.c */ = {isa = PBXFileReference; explicitFileType = sourcecode.c.c; fileEncoding = 4; name = vector.c; path = ../../clib/src/common/vector.c; sourceTree = SOURCE_ROOT; };
		A441EACDE0064EE7881BBC1A /* CMakeLists.txt */ = {isa = PBXFileReference; explicitFileType = sourcecode.text; fileEncoding = 4; lastKnownFileType = text; path = CMakeLists.txt; sourceTree = SOURCE_ROOT; };
		AA3CCB0BF3FD4926A1CB5F77 /* string.h */ = {isa = PBXFileReference; explicitFileType = sourcecode.c.h; fileEncoding = 4; name = string.h; path = ../../clib/src/common/string.h; sourceTree = SOURCE_ROOT; };
		D9AE12C96A24469D8A8C1BE0 /* CMakeLists.txt */ = {isa = PBXFileReference; explicitFileType = sourcecode.text; fileEncoding = 4; lastKnownFileType = text; path = CMakeLists.txt; sourceTree = SOURCE_ROOT; };
		DDAF6FD50A6645A48738D381 /* main.c */ = {isa = PBXFileReference; explicitFileType = sourcecode.c.c; fileEncoding = 4; name = main.c; path = ../../clib/src/osx/main.c; sourceTree = SOURCE_ROOT; };
		EDD1E338F79349269F823820 /* Clib */ = {isa = PBXFileReference; explicitFileType = "compiled.mach-o.executable"; path = Clib; sourceTree = BUILT_PRODUCTS_DIR; };
/* End PBXFileReference section */

/* Begin PBXGroup section */
		0D21EC8EB94649B1B000829A /* CMake Rules */ = {
			isa = PBXGroup;
			children = (
			);
			name = "CMake Rules";
			sourceTree = "<group>";
		};
		2644832F5AC44A1BA6E9844A /* ALL_BUILD */ = {
			isa = PBXGroup;
			children = (
				0D21EC8EB94649B1B000829A /* CMake Rules */,
				65AEB5A298F145B1B75F82D4 /* CMakeLists.txt */,
			);
			name = ALL_BUILD;
			sourceTree = "<group>";
		};
		33F3856D52CF4E278AC0F299 /* Clib */ = {
			isa = PBXGroup;
			children = (
				3E7D3FDC249F4E6E89B6CA51 /* common */,
				4BB7D377B0F046D088B8038D /* osx */,
				A441EACDE0064EE7881BBC1A /* CMakeLists.txt */,
			);
			name = Clib;
			sourceTree = "<group>";
		};
		3E7D3FDC249F4E6E89B6CA51 /* common */ = {
			isa = PBXGroup;
			children = (
				607AF48091514F848AF6A03F /* debug.c */,
				383DC5D0C03F4B5E85275E17 /* debug.h */,
				12010CDF2F3242D882CB1519 /* map.c */,
				5ACB4085F6E54A0BA0575B01 /* map.h */,
				15CB63E1536644479B46A64D /* string.c */,
				AA3CCB0BF3FD4926A1CB5F77 /* string.h */,
				883CE87B5AC641EAA33058F6 /* vector.c */,
				797BB9CD07574E1C85EA23CA /* vector.h */,
			);
			name = common;
			sourceTree = "<group>";
		};
		4BB7D377B0F046D088B8038D /* osx */ = {
			isa = PBXGroup;
			children = (
				DDAF6FD50A6645A48738D381 /* main.c */,
			);
			name = osx;
			sourceTree = "<group>";
		};
		E53E895ABCFD4C23AF5B58F3 /* CMake Rules */ = {
			isa = PBXGroup;
			children = (
			);
			name = "CMake Rules";
			sourceTree = "<group>";
		};
		E93A4A5D87A54B1EA67E1E23 /* ZERO_CHECK */ = {
			isa = PBXGroup;
			children = (
				E53E895ABCFD4C23AF5B58F3 /* CMake Rules */,
				D9AE12C96A24469D8A8C1BE0 /* CMakeLists.txt */,
			);
			name = ZERO_CHECK;
			sourceTree = "<group>";
		};
		F3C72E3E7DBE4EE6928B181B = {
			isa = PBXGroup;
			children = (
				33F3856D52CF4E278AC0F299 /* Clib */,
				2644832F5AC44A1BA6E9844A /* ALL_BUILD */,
				E93A4A5D87A54B1EA67E1E23 /* ZERO_CHECK */,
				F7C5254E5A4E42399E5FE3A0 /* Products */,
			);
			sourceTree = "<group>";
		};
		F7C5254E5A4E42399E5FE3A0 /* Products */ = {
			isa = PBXGroup;
			children = (
				EDD1E338F79349269F823820 /* Clib */,
			);
			name = Products;
			sourceTree = "<group>";
		};
/* End PBXGroup section */

/* Begin PBXNativeTarget section */
		004260DE147B4EF49606EAB1 /* Clib */ = {
			isa = PBXNativeTarget;
			buildConfigurationList = 6A49E755E6DA4678973E7E5D /* Build configuration list for PBXNativeTarget "Clib" */;
			buildPhases = (
				ED7C3E3C45864AF2A8A04EFA /* Sources */,
			);
			buildRules = (
			);
			dependencies = (
				1ADB59178C8943D1B59E9D7A /* PBXTargetDependency */,
			);
			name = Clib;
			productName = Clib;
			productReference = EDD1E338F79349269F823820 /* Clib */;
			productType = "com.apple.product-type.tool";
		};
/* End PBXNativeTarget section */

/* Begin PBXProject section */
		EE59465E7DC340E5852BCFF8 /* Project object */ = {
			isa = PBXProject;
			attributes = {
				BuildIndependentTargetsInParallel = YES;
				LastUpgradeCheck = 0830;
			};
			buildConfigurationList = 35FBA679CA114FFEA075CA04 /* Build configuration list for PBXProject "Clib" */;
			compatibilityVersion = "Xcode 3.2";
			developmentRegion = English;
			hasScannedForEncodings = 0;
			knownRegions = (
				en,
			);
			mainGroup = F3C72E3E7DBE4EE6928B181B;
			projectDirPath = /Users/joseph.cameron/Workspace/builder/cmake;
			projectRoot = "";
			targets = (
				EAFBBD8A527C4A9C8CA73D6F /* ALL_BUILD */,
				004260DE147B4EF49606EAB1 /* Clib */,
				88ABC6A0257D4F19934715B2 /* ZERO_CHECK */,
			);
		};
/* End PBXProject section */

/* Begin PBXShellScriptBuildPhase section */
		41FD2503F3E9463997C7F97A /* CMake Rules */ = {
			isa = PBXShellScriptBuildPhase;
			buildActionMask = 2147483647;
			files = (
			);
			name = "CMake Rules";
			runOnlyForDeploymentPostprocessing = 0;
			shellPath = /bin/sh;
			shellScript = "make -C /Users/joseph.cameron/Workspace/clib/workspace/osx -f /Users/joseph.cameron/Workspace/clib/workspace/osx/CMakeScripts/ZERO_CHECK_cmakeRulesBuildPhase.make$CONFIGURATION all";
			showEnvVarsInLog = 0;
		};
		58C620BA764D422F9B1BDADE /* CMake Rules */ = {
			isa = PBXShellScriptBuildPhase;
			buildActionMask = 2147483647;
			files = (
			);
			name = "CMake Rules";
			runOnlyForDeploymentPostprocessing = 0;
			shellPath = /bin/sh;
			shellScript = "make -C /Users/joseph.cameron/Workspace/clib/workspace/osx -f /Users/joseph.cameron/Workspace/clib/workspace/osx/CMakeScripts/ALL_BUILD_cmakeRulesBuildPhase.make$CONFIGURATION all";
			showEnvVarsInLog = 0;
		};
/* End PBXShellScriptBuildPhase section */

/* Begin PBXSourcesBuildPhase section */
		ED7C3E3C45864AF2A8A04EFA /* Sources */ = {
			isa = PBXSourcesBuildPhase;
			buildActionMask = 2147483647;
			files = (
				CF3428E4F10E4680817596B9 /* debug.c in Sources */,
				13AD9F17F9084BF6995E50BA /* map.c in Sources */,
				631EC6C83BF84DC18FE3D331 /* string.c in Sources */,
				3334F4AF9DC84E9689FD0DD1 /* vector.c in Sources */,
				491C17C7D80E48B0A78CE5F9 /* main.c in Sources */,
			);
			runOnlyForDeploymentPostprocessing = 0;
		};
/* End PBXSourcesBuildPhase section */

/* Begin PBXTargetDependency section */
		1ADB59178C8943D1B59E9D7A /* PBXTargetDependency */ = {
			isa = PBXTargetDependency;
			target = 88ABC6A0257D4F19934715B2 /* ZERO_CHECK */;
			targetProxy = F33116A91075486FAFB7B3F0 /* PBXContainerItemProxy */;
		};
		368B66EB897E4751964B8C94 /* PBXTargetDependency */ = {
			isa = PBXTargetDependency;
			target = 88ABC6A0257D4F19934715B2 /* ZERO_CHECK */;
			targetProxy = 4F3464BEE3C440ED806FA681 /* PBXContainerItemProxy */;
		};
		CD5313B71556475C9DC1557B /* PBXTargetDependency */ = {
			isa = PBXTargetDependency;
			target = 004260DE147B4EF49606EAB1 /* Clib */;
			targetProxy = B84CACDCDF3D43BF81CCEB6C /* PBXContainerItemProxy */;
		};
/* End PBXTargetDependency section */

/* Begin XCBuildConfiguration section */
		33CAF2621FBE4D66AD8E1B73 /* Debug */ = {
			isa = XCBuildConfiguration;
			buildSettings = {
				COMBINE_HIDPI_IMAGES = YES;
				CONFIGURATION_BUILD_DIR = /Users/joseph.cameron/Workspace/clib/build/debug;
				EXECUTABLE_PREFIX = "";
				EXECUTABLE_SUFFIX = "";
				GCC_GENERATE_DEBUGGING_SYMBOLS = YES;
				GCC_INLINES_ARE_PRIVATE_EXTERN = NO;
				GCC_OPTIMIZATION_LEVEL = 0;
				GCC_PREPROCESSOR_DEFINITIONS = "'CMAKE_INTDIR=\"$(CONFIGURATION)$(EFFECTIVE_PLATFORM_NAME)\"'";
				GCC_SYMBOLS_PRIVATE_EXTERN = NO;
				HEADER_SEARCH_PATHS = (
					/Users/joseph.cameron/Workspace/clib/workspace/osx/../../libs,
					/Users/joseph.cameron/Workspace/builder/cmake,
					/Users/joseph.cameron/Workspace/clib/workspace/osx/../../src/desktop,
					/Users/joseph.cameron/Workspace/clib/workspace/osx/../../src/osx,
					/Users/joseph.cameron/Workspace/clib/workspace/osx/../../src/common,
				);
				INSTALL_PATH = "";
				LIBRARY_SEARCH_PATHS = "";
				OTHER_CFLAGS = "    ";
				OTHER_LDFLAGS = (
					"-Wl,-search_paths_first",
					"-Wl,-headerpad_max_install_names",
					"-framework",
					Cocoa,
					"-framework",
					CoreVideo,
					"-framework",
					IOKit,
					"-framework",
					OpenGL,
				);
				OTHER_REZFLAGS = "";
				PRODUCT_NAME = Clib;
				SECTORDER_FLAGS = "";
				SYMROOT = /Users/joseph.cameron/Workspace/clib/workspace/osx;
				USE_HEADERMAP = NO;
				WARNING_CFLAGS = (
					"-Wmost",
					"-Wno-four-char-constants",
					"-Wno-unknown-pragmas",
					"$(inherited)",
				);
			};
			name = Debug;
		};
		406CA51E88454CEF88917DF4 /* MinSizeRel */ = {
			isa = XCBuildConfiguration;
			buildSettings = {
				COMBINE_HIDPI_IMAGES = YES;
				GCC_GENERATE_DEBUGGING_SYMBOLS = YES;
				GCC_INLINES_ARE_PRIVATE_EXTERN = NO;
				GCC_OPTIMIZATION_LEVEL = 0;
				GCC_PREPROCESSOR_DEFINITIONS = "'CMAKE_INTDIR=\"$(CONFIGURATION)$(EFFECTIVE_PLATFORM_NAME)\"'";
				GCC_SYMBOLS_PRIVATE_EXTERN = NO;
				HEADER_SEARCH_PATHS = (
					/Users/joseph.cameron/Workspace/clib/workspace/osx/../../libs,
					/Users/joseph.cameron/Workspace/builder/cmake,
					/Users/joseph.cameron/Workspace/clib/workspace/osx/../../src/desktop,
					/Users/joseph.cameron/Workspace/clib/workspace/osx/../../src/osx,
					/Users/joseph.cameron/Workspace/clib/workspace/osx/../../src/common,
				);
				INSTALL_PATH = "";
				OTHER_LDFLAGS = " ";
				OTHER_REZFLAGS = "";
				PRODUCT_NAME = ZERO_CHECK;
				SECTORDER_FLAGS = "";
				SYMROOT = /Users/joseph.cameron/Workspace/clib/workspace/osx;
				USE_HEADERMAP = NO;
				WARNING_CFLAGS = (
					"-Wmost",
					"-Wno-four-char-constants",
					"-Wno-unknown-pragmas",
					"$(inherited)",
				);
			};
			name = MinSizeRel;
		};
		42C938A79D734D77BEBDA09F /* Debug */ = {
			isa = XCBuildConfiguration;
			buildSettings = {
				COMBINE_HIDPI_IMAGES = YES;
				GCC_GENERATE_DEBUGGING_SYMBOLS = YES;
				GCC_INLINES_ARE_PRIVATE_EXTERN = NO;
				GCC_OPTIMIZATION_LEVEL = 0;
				GCC_PREPROCESSOR_DEFINITIONS = "'CMAKE_INTDIR=\"$(CONFIGURATION)$(EFFECTIVE_PLATFORM_NAME)\"'";
				GCC_SYMBOLS_PRIVATE_EXTERN = NO;
				HEADER_SEARCH_PATHS = (
					/Users/joseph.cameron/Workspace/clib/workspace/osx/../../libs,
					/Users/joseph.cameron/Workspace/builder/cmake,
					/Users/joseph.cameron/Workspace/clib/workspace/osx/../../src/desktop,
					/Users/joseph.cameron/Workspace/clib/workspace/osx/../../src/osx,
					/Users/joseph.cameron/Workspace/clib/workspace/osx/../../src/common,
				);
				INSTALL_PATH = "";
				OTHER_LDFLAGS = " ";
				OTHER_REZFLAGS = "";
				PRODUCT_NAME = ZERO_CHECK;
				SECTORDER_FLAGS = "";
				SYMROOT = /Users/joseph.cameron/Workspace/clib/workspace/osx;
				USE_HEADERMAP = NO;
				WARNING_CFLAGS = (
					"-Wmost",
					"-Wno-four-char-constants",
					"-Wno-unknown-pragmas",
					"$(inherited)",
				);
			};
			name = Debug;
		};
		4B66B15045A14F30A7629D5B /* RelWithDebInfo */ = {
			isa = XCBuildConfiguration;
			buildSettings = {
				COMBINE_HIDPI_IMAGES = YES;
				GCC_GENERATE_DEBUGGING_SYMBOLS = YES;
				GCC_INLINES_ARE_PRIVATE_EXTERN = NO;
				GCC_OPTIMIZATION_LEVEL = 0;
				GCC_PREPROCESSOR_DEFINITIONS = "'CMAKE_INTDIR=\"$(CONFIGURATION)$(EFFECTIVE_PLATFORM_NAME)\"'";
				GCC_SYMBOLS_PRIVATE_EXTERN = NO;
				HEADER_SEARCH_PATHS = (
					/Users/joseph.cameron/Workspace/clib/workspace/osx/../../libs,
					/Users/joseph.cameron/Workspace/builder/cmake,
					/Users/joseph.cameron/Workspace/clib/workspace/osx/../../src/desktop,
					/Users/joseph.cameron/Workspace/clib/workspace/osx/../../src/osx,
					/Users/joseph.cameron/Workspace/clib/workspace/osx/../../src/common,
				);
				INSTALL_PATH = "";
				OTHER_LDFLAGS = " ";
				OTHER_REZFLAGS = "";
				PRODUCT_NAME = ALL_BUILD;
				SECTORDER_FLAGS = "";
				SYMROOT = /Users/joseph.cameron/Workspace/clib/workspace/osx;
				USE_HEADERMAP = NO;
				WARNING_CFLAGS = (
					"-Wmost",
					"-Wno-four-char-constants",
					"-Wno-unknown-pragmas",
					"$(inherited)",
				);
			};
			name = RelWithDebInfo;
		};
		4BBDEAD1927649FEAE37D3C9 /* Release */ = {
			isa = XCBuildConfiguration;
			buildSettings = {
				ONLY_ACTIVE_ARCH = YES;
				SDKROOT = /Applications/Xcode.app/Contents/Developer/Platforms/MacOSX.platform/Developer/SDKs/MacOSX10.12.sdk;
				SYMROOT = /Users/joseph.cameron/Workspace/clib/workspace/osx/build;
			};
			name = Release;
		};
		6EDDB8AABB374575B3550BB8 /* Release */ = {
			isa = XCBuildConfiguration;
			buildSettings = {
				COMBINE_HIDPI_IMAGES = YES;
				CONFIGURATION_BUILD_DIR = /Users/joseph.cameron/Workspace/clib/build/release;
				EXECUTABLE_PREFIX = "";
				EXECUTABLE_SUFFIX = "";
				GCC_GENERATE_DEBUGGING_SYMBOLS = NO;
				GCC_INLINES_ARE_PRIVATE_EXTERN = NO;
				GCC_OPTIMIZATION_LEVEL = 3;
				GCC_PREPROCESSOR_DEFINITIONS = "'CMAKE_INTDIR=\"$(CONFIGURATION)$(EFFECTIVE_PLATFORM_NAME)\"'";
				GCC_SYMBOLS_PRIVATE_EXTERN = NO;
				HEADER_SEARCH_PATHS = (
					/Users/joseph.cameron/Workspace/clib/workspace/osx/../../libs,
					/Users/joseph.cameron/Workspace/builder/cmake,
					/Users/joseph.cameron/Workspace/clib/workspace/osx/../../src/desktop,
					/Users/joseph.cameron/Workspace/clib/workspace/osx/../../src/osx,
					/Users/joseph.cameron/Workspace/clib/workspace/osx/../../src/common,
				);
				INSTALL_PATH = "";
				LIBRARY_SEARCH_PATHS = "";
				OTHER_CFLAGS = "    -DNDEBUG  ";
				OTHER_LDFLAGS = (
					"-Wl,-search_paths_first",
					"-Wl,-headerpad_max_install_names",
					"-framework",
					Cocoa,
					"-framework",
					CoreVideo,
					"-framework",
					IOKit,
					"-framework",
					OpenGL,
				);
				OTHER_REZFLAGS = "";
				PRODUCT_NAME = Clib;
				SECTORDER_FLAGS = "";
				SYMROOT = /Users/joseph.cameron/Workspace/clib/workspace/osx;
				USE_HEADERMAP = NO;
				WARNING_CFLAGS = (
					"-Wmost",
					"-Wno-four-char-constants",
					"-Wno-unknown-pragmas",
					"$(inherited)",
				);
			};
			name = Release;
		};
		6F37A854C2894AAD879E463B /* RelWithDebInfo */ = {
			isa = XCBuildConfiguration;
			buildSettings = {
				COMBINE_HIDPI_IMAGES = YES;
				EXECUTABLE_PREFIX = "";
				EXECUTABLE_SUFFIX = "";
				GCC_GENERATE_DEBUGGING_SYMBOLS = YES;
				GCC_INLINES_ARE_PRIVATE_EXTERN = NO;
				GCC_OPTIMIZATION_LEVEL = 2;
				GCC_PREPROCESSOR_DEFINITIONS = "'CMAKE_INTDIR=\"$(CONFIGURATION)$(EFFECTIVE_PLATFORM_NAME)\"'";
				GCC_SYMBOLS_PRIVATE_EXTERN = NO;
				HEADER_SEARCH_PATHS = (
					/Users/joseph.cameron/Workspace/clib/workspace/osx/../../libs,
					/Users/joseph.cameron/Workspace/builder/cmake,
					/Users/joseph.cameron/Workspace/clib/workspace/osx/../../src/desktop,
					/Users/joseph.cameron/Workspace/clib/workspace/osx/../../src/osx,
					/Users/joseph.cameron/Workspace/clib/workspace/osx/../../src/common,
				);
				INSTALL_PATH = "";
				LIBRARY_SEARCH_PATHS = "";
				OTHER_CFLAGS = "       -DNDEBUG  ";
				OTHER_LDFLAGS = (
					"-Wl,-search_paths_first",
					"-Wl,-headerpad_max_install_names",
					"-framework",
					Cocoa,
					"-framework",
					CoreVideo,
					"-framework",
					IOKit,
					"-framework",
					OpenGL,
				);
				OTHER_REZFLAGS = "";
				PRODUCT_NAME = Clib;
				SECTORDER_FLAGS = "";
				SYMROOT = /Users/joseph.cameron/Workspace/clib/workspace/osx;
				USE_HEADERMAP = NO;
				WARNING_CFLAGS = (
					"-Wmost",
					"-Wno-four-char-constants",
					"-Wno-unknown-pragmas",
					"$(inherited)",
				);
			};
			name = RelWithDebInfo;
		};
		A9C3298A404249C48EAF9EA1 /* RelWithDebInfo */ = {
			isa = XCBuildConfiguration;
			buildSettings = {
				ONLY_ACTIVE_ARCH = YES;
				SDKROOT = /Applications/Xcode.app/Contents/Developer/Platforms/MacOSX.platform/Developer/SDKs/MacOSX10.12.sdk;
				SYMROOT = /Users/joseph.cameron/Workspace/clib/workspace/osx/build;
			};
			name = RelWithDebInfo;
		};
		C8A1D2E8E1F5425987D7C591 /* RelWithDebInfo */ = {
			isa = XCBuildConfiguration;
			buildSettings = {
				COMBINE_HIDPI_IMAGES = YES;
				GCC_GENERATE_DEBUGGING_SYMBOLS = YES;
				GCC_INLINES_ARE_PRIVATE_EXTERN = NO;
				GCC_OPTIMIZATION_LEVEL = 0;
				GCC_PREPROCESSOR_DEFINITIONS = "'CMAKE_INTDIR=\"$(CONFIGURATION)$(EFFECTIVE_PLATFORM_NAME)\"'";
				GCC_SYMBOLS_PRIVATE_EXTERN = NO;
				HEADER_SEARCH_PATHS = (
					/Users/joseph.cameron/Workspace/clib/workspace/osx/../../libs,
					/Users/joseph.cameron/Workspace/builder/cmake,
					/Users/joseph.cameron/Workspace/clib/workspace/osx/../../src/desktop,
					/Users/joseph.cameron/Workspace/clib/workspace/osx/../../src/osx,
					/Users/joseph.cameron/Workspace/clib/workspace/osx/../../src/common,
				);
				INSTALL_PATH = "";
				OTHER_LDFLAGS = " ";
				OTHER_REZFLAGS = "";
				PRODUCT_NAME = ZERO_CHECK;
				SECTORDER_FLAGS = "";
				SYMROOT = /Users/joseph.cameron/Workspace/clib/workspace/osx;
				USE_HEADERMAP = NO;
				WARNING_CFLAGS = (
					"-Wmost",
					"-Wno-four-char-constants",
					"-Wno-unknown-pragmas",
					"$(inherited)",
				);
			};
			name = RelWithDebInfo;
		};
		C923BEBD9FF7406DA67BB944 /* Release */ = {
			isa = XCBuildConfiguration;
			buildSettings = {
				COMBINE_HIDPI_IMAGES = YES;
				GCC_GENERATE_DEBUGGING_SYMBOLS = YES;
				GCC_INLINES_ARE_PRIVATE_EXTERN = NO;
				GCC_OPTIMIZATION_LEVEL = 0;
				GCC_PREPROCESSOR_DEFINITIONS = "'CMAKE_INTDIR=\"$(CONFIGURATION)$(EFFECTIVE_PLATFORM_NAME)\"'";
				GCC_SYMBOLS_PRIVATE_EXTERN = NO;
				HEADER_SEARCH_PATHS = (
					/Users/joseph.cameron/Workspace/clib/workspace/osx/../../libs,
					/Users/joseph.cameron/Workspace/builder/cmake,
					/Users/joseph.cameron/Workspace/clib/workspace/osx/../../src/desktop,
					/Users/joseph.cameron/Workspace/clib/workspace/osx/../../src/osx,
					/Users/joseph.cameron/Workspace/clib/workspace/osx/../../src/common,
				);
				INSTALL_PATH = "";
				OTHER_LDFLAGS = " ";
				OTHER_REZFLAGS = "";
				PRODUCT_NAME = ALL_BUILD;
				SECTORDER_FLAGS = "";
				SYMROOT = /Users/joseph.cameron/Workspace/clib/workspace/osx;
				USE_HEADERMAP = NO;
				WARNING_CFLAGS = (
					"-Wmost",
					"-Wno-four-char-constants",
					"-Wno-unknown-pragmas",
					"$(inherited)",
				);
			};
			name = Release;
		};
		C9D9F48D6F774CBDB363F925 /* MinSizeRel */ = {
			isa = XCBuildConfiguration;
			buildSettings = {
				COMBINE_HIDPI_IMAGES = YES;
				GCC_GENERATE_DEBUGGING_SYMBOLS = YES;
				GCC_INLINES_ARE_PRIVATE_EXTERN = NO;
				GCC_OPTIMIZATION_LEVEL = 0;
				GCC_PREPROCESSOR_DEFINITIONS = "'CMAKE_INTDIR=\"$(CONFIGURATION)$(EFFECTIVE_PLATFORM_NAME)\"'";
				GCC_SYMBOLS_PRIVATE_EXTERN = NO;
				HEADER_SEARCH_PATHS = (
					/Users/joseph.cameron/Workspace/clib/workspace/osx/../../libs,
					/Users/joseph.cameron/Workspace/builder/cmake,
					/Users/joseph.cameron/Workspace/clib/workspace/osx/../../src/desktop,
					/Users/joseph.cameron/Workspace/clib/workspace/osx/../../src/osx,
					/Users/joseph.cameron/Workspace/clib/workspace/osx/../../src/common,
				);
				INSTALL_PATH = "";
				OTHER_LDFLAGS = " ";
				OTHER_REZFLAGS = "";
				PRODUCT_NAME = ALL_BUILD;
				SECTORDER_FLAGS = "";
				SYMROOT = /Users/joseph.cameron/Workspace/clib/workspace/osx;
				USE_HEADERMAP = NO;
				WARNING_CFLAGS = (
					"-Wmost",
					"-Wno-four-char-constants",
					"-Wno-unknown-pragmas",
					"$(inherited)",
				);
			};
			name = MinSizeRel;
		};
		DEA7707B88DC4A6C97F2C644 /* MinSizeRel */ = {
			isa = XCBuildConfiguration;
			buildSettings = {
				ONLY_ACTIVE_ARCH = YES;
				SDKROOT = /Applications/Xcode.app/Contents/Developer/Platforms/MacOSX.platform/Developer/SDKs/MacOSX10.12.sdk;
				SYMROOT = /Users/joseph.cameron/Workspace/clib/workspace/osx/build;
			};
			name = MinSizeRel;
		};
		E91763FB772B4C7B97634D9E /* MinSizeRel */ = {
			isa = XCBuildConfiguration;
			buildSettings = {
				COMBINE_HIDPI_IMAGES = YES;
				EXECUTABLE_PREFIX = "";
				EXECUTABLE_SUFFIX = "";
				GCC_GENERATE_DEBUGGING_SYMBOLS = NO;
				GCC_INLINES_ARE_PRIVATE_EXTERN = NO;
				GCC_OPTIMIZATION_LEVEL = s;
				GCC_PREPROCESSOR_DEFINITIONS = "'CMAKE_INTDIR=\"$(CONFIGURATION)$(EFFECTIVE_PLATFORM_NAME)\"'";
				GCC_SYMBOLS_PRIVATE_EXTERN = NO;
				HEADER_SEARCH_PATHS = (
					/Users/joseph.cameron/Workspace/clib/workspace/osx/../../libs,
					/Users/joseph.cameron/Workspace/builder/cmake,
					/Users/joseph.cameron/Workspace/clib/workspace/osx/../../src/desktop,
					/Users/joseph.cameron/Workspace/clib/workspace/osx/../../src/osx,
					/Users/joseph.cameron/Workspace/clib/workspace/osx/../../src/common,
				);
				INSTALL_PATH = "";
				LIBRARY_SEARCH_PATHS = "";
				OTHER_CFLAGS = "    -DNDEBUG  ";
				OTHER_LDFLAGS = (
					"-Wl,-search_paths_first",
					"-Wl,-headerpad_max_install_names",
					"-framework",
					Cocoa,
					"-framework",
					CoreVideo,
					"-framework",
					IOKit,
					"-framework",
					OpenGL,
				);
				OTHER_REZFLAGS = "";
				PRODUCT_NAME = Clib;
				SECTORDER_FLAGS = "";
				SYMROOT = /Users/joseph.cameron/Workspace/clib/workspace/osx;
				USE_HEADERMAP = NO;
				WARNING_CFLAGS = (
					"-Wmost",
					"-Wno-four-char-constants",
					"-Wno-unknown-pragmas",
					"$(inherited)",
				);
			};
			name = MinSizeRel;
		};
		F249850CD3524C33AC14A0F3 /* Debug */ = {
			isa = XCBuildConfiguration;
			buildSettings = {
				ONLY_ACTIVE_ARCH = YES;
				SDKROOT = /Applications/Xcode.app/Contents/Developer/Platforms/MacOSX.platform/Developer/SDKs/MacOSX10.12.sdk;
				SYMROOT = /Users/joseph.cameron/Workspace/clib/workspace/osx/build;
			};
			name = Debug;
		};
		F63C6AE96974417CA0351D95 /* Debug */ = {
			isa = XCBuildConfiguration;
			buildSettings = {
				COMBINE_HIDPI_IMAGES = YES;
				GCC_GENERATE_DEBUGGING_SYMBOLS = YES;
				GCC_INLINES_ARE_PRIVATE_EXTERN = NO;
				GCC_OPTIMIZATION_LEVEL = 0;
				GCC_PREPROCESSOR_DEFINITIONS = "'CMAKE_INTDIR=\"$(CONFIGURATION)$(EFFECTIVE_PLATFORM_NAME)\"'";
				GCC_SYMBOLS_PRIVATE_EXTERN = NO;
				HEADER_SEARCH_PATHS = (
					/Users/joseph.cameron/Workspace/clib/workspace/osx/../../libs,
					/Users/joseph.cameron/Workspace/builder/cmake,
					/Users/joseph.cameron/Workspace/clib/workspace/osx/../../src/desktop,
					/Users/joseph.cameron/Workspace/clib/workspace/osx/../../src/osx,
					/Users/joseph.cameron/Workspace/clib/workspace/osx/../../src/common,
				);
				INSTALL_PATH = "";
				OTHER_LDFLAGS = " ";
				OTHER_REZFLAGS = "";
				PRODUCT_NAME = ALL_BUILD;
				SECTORDER_FLAGS = "";
				SYMROOT = /Users/joseph.cameron/Workspace/clib/workspace/osx;
				USE_HEADERMAP = NO;
				WARNING_CFLAGS = (
					"-Wmost",
					"-Wno-four-char-constants",
					"-Wno-unknown-pragmas",
					"$(inherited)",
				);
			};
			name = Debug;
		};
		FCCE5797F41448FA84A39FC4 /* Release */ = {
			isa = XCBuildConfiguration;
			buildSettings = {
				COMBINE_HIDPI_IMAGES = YES;
				GCC_GENERATE_DEBUGGING_SYMBOLS = YES;
				GCC_INLINES_ARE_PRIVATE_EXTERN = NO;
				GCC_OPTIMIZATION_LEVEL = 0;
				GCC_PREPROCESSOR_DEFINITIONS = "'CMAKE_INTDIR=\"$(CONFIGURATION)$(EFFECTIVE_PLATFORM_NAME)\"'";
				GCC_SYMBOLS_PRIVATE_EXTERN = NO;
				HEADER_SEARCH_PATHS = (
					/Users/joseph.cameron/Workspace/clib/workspace/osx/../../libs,
					/Users/joseph.cameron/Workspace/builder/cmake,
					/Users/joseph.cameron/Workspace/clib/workspace/osx/../../src/desktop,
					/Users/joseph.cameron/Workspace/clib/workspace/osx/../../src/osx,
					/Users/joseph.cameron/Workspace/clib/workspace/osx/../../src/common,
				);
				INSTALL_PATH = "";
				OTHER_LDFLAGS = " ";
				OTHER_REZFLAGS = "";
				PRODUCT_NAME = ZERO_CHECK;
				SECTORDER_FLAGS = "";
				SYMROOT = /Users/joseph.cameron/Workspace/clib/workspace/osx;
				USE_HEADERMAP = NO;
				WARNING_CFLAGS = (
					"-Wmost",
					"-Wno-four-char-constants",
					"-Wno-unknown-pragmas",
					"$(inherited)",
				);
			};
			name = Release;
		};
/* End XCBuildConfiguration section */

/* Begin XCConfigurationList section */
		216E0E199127476696CDE109 /* Build configuration list for PBXAggregateTarget "ALL_BUILD" */ = {
			isa = XCConfigurationList;
			buildConfigurations = (
				F63C6AE96974417CA0351D95 /* Debug */,
				C923BEBD9FF7406DA67BB944 /* Release */,
				C9D9F48D6F774CBDB363F925 /* MinSizeRel */,
				4B66B15045A14F30A7629D5B /* RelWithDebInfo */,
			);
			defaultConfigurationIsVisible = 0;
			defaultConfigurationName = Debug;
		};
		35FBA679CA114FFEA075CA04 /* Build configuration list for PBXProject "Clib" */ = {
			isa = XCConfigurationList;
			buildConfigurations = (
				F249850CD3524C33AC14A0F3 /* Debug */,
				4BBDEAD1927649FEAE37D3C9 /* Release */,
				DEA7707B88DC4A6C97F2C644 /* MinSizeRel */,
				A9C3298A404249C48EAF9EA1 /* RelWithDebInfo */,
			);
			defaultConfigurationIsVisible = 0;
			defaultConfigurationName = Debug;
		};
		6A49E755E6DA4678973E7E5D /* Build configuration list for PBXNativeTarget "Clib" */ = {
			isa = XCConfigurationList;
			buildConfigurations = (
				33CAF2621FBE4D66AD8E1B73 /* Debug */,
				6EDDB8AABB374575B3550BB8 /* Release */,
				E91763FB772B4C7B97634D9E /* MinSizeRel */,
				6F37A854C2894AAD879E463B /* RelWithDebInfo */,
			);
			defaultConfigurationIsVisible = 0;
			defaultConfigurationName = Debug;
		};
		7F6A303702D0410A8AA77A0A /* Build configuration list for PBXAggregateTarget "ZERO_CHECK" */ = {
			isa = XCConfigurationList;
			buildConfigurations = (
				42C938A79D734D77BEBDA09F /* Debug */,
				FCCE5797F41448FA84A39FC4 /* Release */,
				406CA51E88454CEF88917DF4 /* MinSizeRel */,
				C8A1D2E8E1F5425987D7C591 /* RelWithDebInfo */,
			);
			defaultConfigurationIsVisible = 0;
			defaultConfigurationName = Debug;
		};
/* End XCConfigurationList section */
	};
	rootObject = EE59465E7DC340E5852BCFF8 /* Project object */;
}
